
Microsoft Visual Studio Solution File, Format Version 12.00
# Visual Studio Version 17
VisualStudioVersion = 17.11.35327.3
MinimumVisualStudioVersion = 10.0.40219.1
Project("{FAE04EC0-301F-11D3-BF4B-00C04F79EFBC}") = "Solutions", "Solutions.csproj", "{3F045E76-9EAA-448E-99DD-1EA83339199C}"
EndProject
Project("{FAE04EC0-301F-11D3-BF4B-00C04F79EFBC}") = "SolutionTests", "..\SolutionTests\SolutionTests.csproj", "{0585B127-B181-4957-B0BC-7B910331583E}"
EndProject
Global
	GlobalSection(SolutionConfigurationPlatforms) = preSolution
		Debug|Any CPU = Debug|Any CPU
		Release|Any CPU = Release|Any CPU
	EndGlobalSection
	GlobalSection(ProjectConfigurationPlatforms) = postSolution
		{3F045E76-9EAA-448E-99DD-1EA83339199C}.Debug|Any CPU.ActiveCfg = Debug|Any CPU
		{3F045E76-9EAA-448E-99DD-1EA83339199C}.Debug|Any CPU.Build.0 = Debug|Any CPU
		{3F045E76-9EAA-448E-99DD-1EA83339199C}.Release|Any CPU.ActiveCfg = Release|Any CPU
		{3F045E76-9EAA-448E-99DD-1EA83339199C}.Release|Any CPU.Build.0 = Release|Any CPU
		{0585B127-B181-4957-B0BC-7B910331583E}.Debug|Any CPU.ActiveCfg = Debug|Any CPU
		{0585B127-B181-4957-B0BC-7B910331583E}.Debug|Any CPU.Build.0 = Debug|Any CPU
		{0585B127-B181-4957-B0BC-7B910331583E}.Release|Any CPU.ActiveCfg = Release|Any CPU
		{0585B127-B181-4957-B0BC-7B910331583E}.Release|Any CPU.Build.0 = Release|Any CPU
	EndGlobalSection
	GlobalSection(SolutionProperties) = preSolution
		HideSolutionNode = FALSE
	EndGlobalSection
	GlobalSection(ExtensibilityGlobals) = postSolution
		SolutionGuid = {F8FC6F2B-4F93-4E9B-A9AE-ED7C4C733DB9}
	EndGlobalSection
EndGlobal
